
Microsoft Visual Studio Solution File, Format Version 12.00
# Visual Studio Version 17
VisualStudioVersion = 17.9.34607.119
MinimumVisualStudioVersion = 10.0.40219.1
Project("{8BC9CEB8-8B4A-11D0-8D11-00A0C91BC942}") = "InputOutputFile", "InputOutputFile\InputOutputFile.vcxproj", "{3D8E2FBC-595C-4C41-8DF6-2BB4C0061861}"
EndProject
Project("{8BC9CEB8-8B4A-11D0-8D11-00A0C91BC942}") = "ioFileWithpath", "ioFileWithpath\ioFileWithpath.vcxproj", "{9D596EB3-D43C-44F7-90B7-AE82C495565B}"
EndProject
Project("{8BC9CEB8-8B4A-11D0-8D11-00A0C91BC942}") = "exeptionStandart", "exeptionStandart\exeptionStandart.vcxproj", "{4CC05802-E75E-49C4-AAC9-3B59A6D706EE}"
EndProject
Project("{8BC9CEB8-8B4A-11D0-8D11-00A0C91BC942}") = "manualexception", "manualexception\manualexception.vcxproj", "{0705527A-F959-488A-8336-49116207F736}"
EndProject
Global
	GlobalSection(SolutionConfigurationPlatforms) = preSolution
		Debug|x64 = Debug|x64
		Debug|x86 = Debug|x86
		Release|x64 = Release|x64
		Release|x86 = Release|x86
	EndGlobalSection
	GlobalSection(ProjectConfigurationPlatforms) = postSolution
		{3D8E2FBC-595C-4C41-8DF6-2BB4C0061861}.Debug|x64.ActiveCfg = Debug|x64
		{3D8E2FBC-595C-4C41-8DF6-2BB4C0061861}.Debug|x64.Build.0 = Debug|x64
		{3D8E2FBC-595C-4C41-8DF6-2BB4C0061861}.Debug|x86.ActiveCfg = Debug|Win32
		{3D8E2FBC-595C-4C41-8DF6-2BB4C0061861}.Debug|x86.Build.0 = Debug|Win32
		{3D8E2FBC-595C-4C41-8DF6-2BB4C0061861}.Release|x64.ActiveCfg = Release|x64
		{3D8E2FBC-595C-4C41-8DF6-2BB4C0061861}.Release|x64.Build.0 = Release|x64
		{3D8E2FBC-595C-4C41-8DF6-2BB4C0061861}.Release|x86.ActiveCfg = Release|Win32
		{3D8E2FBC-595C-4C41-8DF6-2BB4C0061861}.Release|x86.Build.0 = Release|Win32
		{9D596EB3-D43C-44F7-90B7-AE82C495565B}.Debug|x64.ActiveCfg = Debug|x64
		{9D596EB3-D43C-44F7-90B7-AE82C495565B}.Debug|x64.Build.0 = Debug|x64
		{9D596EB3-D43C-44F7-90B7-AE82C495565B}.Debug|x86.ActiveCfg = Debug|Win32
		{9D596EB3-D43C-44F7-90B7-AE82C495565B}.Debug|x86.Build.0 = Debug|Win32
		{9D596EB3-D43C-44F7-90B7-AE82C495565B}.Release|x64.ActiveCfg = Release|x64
		{9D596EB3-D43C-44F7-90B7-AE82C495565B}.Release|x64.Build.0 = Release|x64
		{9D596EB3-D43C-44F7-90B7-AE82C495565B}.Release|x86.ActiveCfg = Release|Win32
		{9D596EB3-D43C-44F7-90B7-AE82C495565B}.Release|x86.Build.0 = Release|Win32
		{4CC05802-E75E-49C4-AAC9-3B59A6D706EE}.Debug|x64.ActiveCfg = Debug|x64
		{4CC05802-E75E-49C4-AAC9-3B59A6D706EE}.Debug|x64.Build.0 = Debug|x64
		{4CC05802-E75E-49C4-AAC9-3B59A6D706EE}.Debug|x86.ActiveCfg = Debug|Win32
		{4CC05802-E75E-49C4-AAC9-3B59A6D706EE}.Debug|x86.Build.0 = Debug|Win32
		{4CC05802-E75E-49C4-AAC9-3B59A6D706EE}.Release|x64.ActiveCfg = Release|x64
		{4CC05802-E75E-49C4-AAC9-3B59A6D706EE}.Release|x64.Build.0 = Release|x64
		{4CC05802-E75E-49C4-AAC9-3B59A6D706EE}.Release|x86.ActiveCfg = Release|Win32
		{4CC05802-E75E-49C4-AAC9-3B59A6D706EE}.Release|x86.Build.0 = Release|Win32
		{0705527A-F959-488A-8336-49116207F736}.Debug|x64.ActiveCfg = Debug|x64
		{0705527A-F959-488A-8336-49116207F736}.Debug|x64.Build.0 = Debug|x64
		{0705527A-F959-488A-8336-49116207F736}.Debug|x86.ActiveCfg = Debug|Win32
		{0705527A-F959-488A-8336-49116207F736}.Debug|x86.Build.0 = Debug|Win32
		{0705527A-F959-488A-8336-49116207F736}.Release|x64.ActiveCfg = Release|x64
		{0705527A-F959-488A-8336-49116207F736}.Release|x64.Build.0 = Release|x64
		{0705527A-F959-488A-8336-49116207F736}.Release|x86.ActiveCfg = Release|Win32
		{0705527A-F959-488A-8336-49116207F736}.Release|x86.Build.0 = Release|Win32
	EndGlobalSection
	GlobalSection(SolutionProperties) = preSolution
		HideSolutionNode = FALSE
	EndGlobalSection
	GlobalSection(ExtensibilityGlobals) = postSolution
		SolutionGuid = {67D21040-34ED-425C-9049-6123CB11837D}
	EndGlobalSection
EndGlobal
